
Microsoft Visual Studio Solution File, Format Version 12.00
# Visual Studio 15
VisualStudioVersion = 15.0.28307.271
MinimumVisualStudioVersion = 10.0.40219.1
Project("{8BC9CEB8-8B4A-11D0-8D11-00A0C91BC942}") = "Adventure Project", "Adventure Project\Adventure Project.vcxproj", "{7CC5D0AF-2AFA-4862-A271-F1277A4835AA}"
EndProject
Global
	GlobalSection(SolutionConfigurationPlatforms) = preSolution
		Debug|x64 = Debug|x64
		Debug|x86 = Debug|x86
		Release|x64 = Release|x64
		Release|x86 = Release|x86
	EndGlobalSection
	GlobalSection(ProjectConfigurationPlatforms) = postSolution
		{7CC5D0AF-2AFA-4862-A271-F1277A4835AA}.Debug|x64.ActiveCfg = Debug|x64
		{7CC5D0AF-2AFA-4862-A271-F1277A4835AA}.Debug|x64.Build.0 = Debug|x64
		{7CC5D0AF-2AFA-4862-A271-F1277A4835AA}.Debug|x86.ActiveCfg = Debug|Win32
		{7CC5D0AF-2AFA-4862-A271-F1277A4835AA}.Debug|x86.Build.0 = Debug|Win32
		{7CC5D0AF-2AFA-4862-A271-F1277A4835AA}.Release|x64.ActiveCfg = Release|x64
		{7CC5D0AF-2AFA-4862-A271-F1277A4835AA}.Release|x64.Build.0 = Release|x64
		{7CC5D0AF-2AFA-4862-A271-F1277A4835AA}.Release|x86.ActiveCfg = Release|Win32
		{7CC5D0AF-2AFA-4862-A271-F1277A4835AA}.Release|x86.Build.0 = Release|Win32
	EndGlobalSection
	GlobalSection(SolutionProperties) = preSolution
		HideSolutionNode = FALSE
	EndGlobalSection
	GlobalSection(ExtensibilityGlobals) = postSolution
		SolutionGuid = {13BB18AC-4C78-42E1-83A8-8B5CC8424B06}
	EndGlobalSection
EndGlobal
